
Microsoft Visual Studio Solution File, Format Version 12.00
Project("{FAE04EC0-301F-11D3-BF4B-00C04F79EFBC}") = "AutobuskaStanicaInternetProgramiranje", "AutobuskaStanicaInternetProgramiranje.csproj", "{DF91D203-0B96-4896-A915-6F98DB5A7AE2}"
EndProject
Global
	GlobalSection(SolutionConfigurationPlatforms) = preSolution
		Debug|Any CPU = Debug|Any CPU
		Release|Any CPU = Release|Any CPU
	EndGlobalSection
	GlobalSection(ProjectConfigurationPlatforms) = postSolution
		{DF91D203-0B96-4896-A915-6F98DB5A7AE2}.Debug|Any CPU.ActiveCfg = Debug|Any CPU
		{DF91D203-0B96-4896-A915-6F98DB5A7AE2}.Debug|Any CPU.Build.0 = Debug|Any CPU
		{DF91D203-0B96-4896-A915-6F98DB5A7AE2}.Release|Any CPU.ActiveCfg = Release|Any CPU
		{DF91D203-0B96-4896-A915-6F98DB5A7AE2}.Release|Any CPU.Build.0 = Release|Any CPU
	EndGlobalSection
EndGlobal
